github.com/BurntSushi/toml v0.3.1 h1:WXkYYl6Yr3qBf1K79EBnL4mak0OimBfB0XUf9Vl28OQ=
github.com/BurntSushi/toml v0.3.1/go.mod h1:xHWCNGjB5oqiDr8zfno3MHue2Ht5sIBksp03qcyfWMU=
github.com/bifurcation/mint v0.0.0-20180715133206-93c51c6ce115 h1:fUjoj2bT6dG8LoEe+uNsKk8J+sLkDbQkJnB6Z1F02Bc=
github.com/bifurcation/mint v0.0.0-20180715133206-93c51c6ce115/go.mod h1:zVt7zX3K/aDCk9Tj+VM7YymsX66ERvzCJzw8rFCX2JU=
github.com/cenkalti/backoff v2.1.1+incompatible h1:tKJnvO2kl0zmb/jA5UKAt4VoEVw1qxKWjE/Bpp46npY=
github.com/cenkalti/backoff v2.1.1+incompatible/go.mod h1:90ReRw6GdpyfrHakVjL/QHaoyV4aDUVVkXQJJJ3NXXM=
github.com/cheekybits/genny v0.0.0-20170328200008-9127e812e1e9 h1:a1zrFsLFac2xoM6zG1u72DWJwZG3ayttYLfmLbxVETk=
github.com/cheekybits/genny v0.0.0-20170328200008-9127e812e1e9/go.mod h1:+tQajlRqAUrPI7DOSpB0XAqZYtQakVtB7wXkRAgjxjQ=
github.com/davecgh/go-spew v1.1.0 h1:ZDRjVQ15GmhC3fiQ8ni8+OwkZQO4DARzQgrnXU1Liz8=
github.com/davecgh/go-spew v1.1.0/go.mod h1:J7Y8YcW2NihsgmVo/mv3lAwl/skON4iLHjSsI+c5H38=
github.com/dustin/go-humanize v1.0.0 h1:VSnTsYCnlFHaM2/igO1h6X3HA71jcobQuxemgkq4zYo=
github.com/dustin/go-humanize v1.0.0/go.mod h1:HtrtbFcZ19U5GC7JDqmcUSB87Iq5E25KnS6fMYU6eOk=
github.com/flynn/go-shlex v0.0.0-20150515145356-3f9db97f8568 h1:BHsljHzVlRcyQhjrss6TZTdY2VfCqZPbv5k3iBFa2ZQ=
github.com/flynn/go-shlex v0.0.0-20150515145356-3f9db97f8568/go.mod h1:xEzjJPgXI435gkrCt3MPfRiAkVrwSbHsst4LCFVfpJc=
github.com/fsnotify/fsnotify v1.4.7 h1:IXs+QLmnXW2CcXuY+8Mzv/fWEsPGWxqefPtCP5CnV9I=
github.com/fsnotify/fsnotify v1.4.7/go.mod h1:jwhsz4b93w/PPRr/qN1Yymfu8t87LnFCMoQvtojpjFo=
github.com/go-acme/lego v2.5.0+incompatible h1:5fNN9yRQfv8ymH3DSsxla+4aYeQt2IgfZqHKVnK8f0s=
github.com/go-acme/lego v2.5.0+incompatible/go.mod h1:yzMNe9CasVUhkquNvti5nAtPmG94USbYxYrZfTkIn0M=
github.com/golang/mock v1.2.0 h1:28o5sBqPkBsMGnC6b4MvE2TzSr5/AT4c/1fLqVGIwlk=
github.com/golang/mock v1.2.0/go.mod h1:oTYuIxOrZwtPieC+H1uAHpcLFnEyAGVDL/k47Jfbm0A=
github.com/golang/protobuf v1.2.0 h1:P3YflyNX/ehuJFLhxviNdFxQPkGK5cDcApsge1SqnvM=
github.com/golang/protobuf v1.2.0/go.mod h1:6lQm79b+lXiMfvg/cZm0SGofjICqVBUtrP5yJMmIC1U=
github.com/google/uuid v1.1.1 h1:Gkbcsh/GbpXz7lPftLA3P6TYMwjCLYm83jiFQZF/3gY=
github.com/google/uuid v1.1.1/go.mod h1:TIyPZe4MgqvfeYDBFedMoGGpEw/LqOeaOT+nhxU+yHo=
github.com/gorilla/websocket v1.4.0 h1:WDFjx/TMzVgy9VdMMQi2K2Emtwi2QcUQsztZ/zLaH/Q=
github.com/gorilla/websocket v1.4.0/go.mod h1:E7qHFY5m1UJ88s3WnNqhKjPHQ0heANvMoAMk2YaljkQ=
github.com/hashicorp/go-syslog v1.0.0 h1:KaodqZuhUoZereWVIYmpUgZysurB1kBLX2j0MwMrUAE=
github.com/hashicorp/go-syslog v1.0.0/go.mod h1:qPfqrKkXGihmCqbJM2mZgkZGvKG1dFdvsLplgctolz4=
github.com/hashicorp/golang-lru v0.0.0-20180201235237-0fb14efe8c47 h1:UnszMmmmm5vLwWzDjTFVIkfhvWF1NdrmChl8L2NUDCw=
github.com/hashicorp/golang-lru v0.0.0-20180201235237-0fb14efe8c47/go.mod h1:/m3WP610KZHVQ1SGc6re/UDhFvYD7pJ4Ao+sR/qLZy8=
github.com/hpcloud/tail v1.0.0 h1:nfCOvKYfkgYP8hkirhJocXT2+zOD8yUNjXaWfTlyFKI=
github.com/hpcloud/tail v1.0.0/go.mod h1:ab1qPbhIpdTxEkNHXyeSf5vhxWSCs/tWer42PpOxQnU=
github.com/jimstudt/http-authentication v0.0.0-20140401203705-3eca13d6893a h1:BcF8coBl0QFVhe8vAMMlD+CV8EISiu9MGKLoj6ZEyJA=
github.com/jimstudt/http-authentication v0.0.0-20140401203705-3eca13d6893a/go.mod h1:wK6yTYYcgjHE1Z1QtXACPDjcFJyBskHEdagmnq3vsP8=
github.com/klauspost/cpuid v1.2.0 h1:NMpwD2G9JSFOE1/TJjGSo5zG7Yb2bTe7eq1jH+irmeE=
github.com/klauspost/cpuid v1.2.0/go.mod h1:Pj4uuM528wm8OyEC2QMXAi2YiTZ96dNQPGgoMS4s3ek=
github.com/kylelemons/godebug v0.0.0-20170820004349-d65d576e9348 h1:MtvEpTB6LX3vkb4ax0b5D2DHbNAUsen0Gx5wZoq3lV4=
github.com/kylelemons/godebug v0.0.0-20170820004349-d65d576e9348/go.mod h1:B69LEHPfb2qLo0BaaOLcbitczOKLWTsrBG9LczfCD4k=
github.com/lucas-clemente/aes12 v0.0.0-20171027163421-cd47fb39b79f h1:sSeNEkJrs+0F9TUau0CgWTTNEwF23HST3Eq0A+QIx+A=
github.com/lucas-clemente/aes12 v0.0.0-20171027163421-cd47fb39b79f/go.mod h1:JpH9J1c9oX6otFSgdUHwUBUizmKlrMjxWnIAjff4m04=
github.com/lucas-clemente/quic-clients v0.1.0/go.mod h1:y5xVIEoObKqULIKivu+gD/LU90pL73bTdtQjPBvtCBk=
github.com/lucas-clemente/quic-go v0.10.2 h1:iQtTSZVbd44k94Lu0U16lLBIG3lrnjDvQongjPd4B/s=
github.com/lucas-clemente/quic-go v0.10.2/go.mod h1:hvaRS9IHjFLMq76puFJeWNfmn+H70QZ/CXoxqw9bzao=
github.com/lucas-clemente/quic-go-certificates v0.0.0-20160823095156-d2f86524cced h1:zqEC1GJZFbGZA0tRyNZqRjep92K5fujFtFsu5ZW7Aug=
github.com/lucas-clemente/quic-go-certificates v0.0.0-20160823095156-d2f86524cced/go.mod h1:NCcRLrOTZbzhZvixZLlERbJtDtYsmMw8Jc4vS8Z0g58=
github.com/marten-seemann/qtls v0.2.3/go.mod h1:xzjG7avBwGGbdZ8dTGxlBnLArsVKLvwmjgmPuiQEcYk=
github.com/mholt/certmagic v0.6.2-0.20190624175158-6a42ef9fe8c2 h1:xKE9kZ5C8gelJC3+BNM6LJs1x21rivK7yxfTZMAuY2s=
github.com/mholt/certmagic v0.6.2-0.20190624175158-6a42ef9fe8c2/go.mod h1:g4cOPxcjV0oFq3qwpjSA30LReKD8AoIfwAY9VvG35NY=
github.com/miekg/dns v1.1.3 h1:1g0r1IvskvgL8rR+AcHzUA+oFmGcQlaIm4IqakufeMM=
github.com/miekg/dns v1.1.3/go.mod h1:W1PPwlIAgtquWBMBEV9nkV9Cazfe8ScdGz/Lj7v3Nrg=
github.com/naoina/go-stringutil v0.1.0 h1:rCUeRUHjBjGTSHl0VC00jUPLz8/F9dDzYI70Hzifhks=
github.com/naoina/go-stringutil v0.1.0/go.mod h1:XJ2SJL9jCtBh+P9q5btrd/Ylo8XwT/h1USek5+NqSA0=
github.com/naoina/toml v0.1.1 h1:PT/lllxVVN0gzzSqSlHEmP8MJB4MY2U7STGxiouV4X8=
github.com/naoina/toml v0.1.1/go.mod h1:NBIhNtsFMo3G2szEBne+bO4gS192HuIYRqfvOWb4i1E=
github.com/onsi/ginkgo v1.6.0/go.mod h1:lLunBs/Ym6LB5Z9jYTR76FiuTmxDTDusOGeTQH+WWjE=
github.com/onsi/ginkgo v1.8.0 h1:VkHVNpR4iVnU8XQR6DBm8BqYjN7CRzw+xKUbVVbbW9w=
github.com/onsi/ginkgo v1.8.0/go.mod h1:lLunBs/Ym6LB5Z9jYTR76FiuTmxDTDusOGeTQH+WWjE=
github.com/onsi/gomega v1.5.0 h1:izbySO9zDPmjJ8rDjLvkA2zJHIo+HkYXHnf7eN7SSyo=
github.com/onsi/gomega v1.5.0/go.mod h1:ex+gbHU/CVuBBDIJjb2X0qEXbFg53c61hWP/1CpauHY=
github.com/pmezard/go-difflib v1.0.0 h1:4DBwDE0NGyQoBHbLQYPwSUPoCMWR5BEzIk/f1lZbAQM=
github.com/pmezard/go-difflib v1.0.0/go.mod h1:iKH77koFhYxTK1pcRnkKkqfTogsbg7gZNVY4sRDYZ/4=
github.com/russross/blackfriday v0.0.0-20170610170232-067529f716f4 h1:S9YlS71UNJIyS61OqGAmLXv3w5zclSidN+qwr80XxKs=
github.com/russross/blackfriday v0.0.0-20170610170232-067529f716f4/go.mod h1:JO/DiYxRf+HjHt06OyowR9PTA263kcR/rfWxYHBV53g=
github.com/stretchr/objx v0.1.0/go.mod h1:HFkY916IF+rwdDfMAkV7OtwuqBVzrE8GR6GFx+wExME=
github.com/stretchr/testify v1.3.0 h1:TivCn/peBQ7UY8ooIcPgZFpTNSz0Q2U6UrFlUfqbe0Q=
github.com/stretchr/testify v1.3.0/go.mod h1:M5WIy9Dh21IEIfnGCwXGc5bZfKNJtfHm1UVUgZn+9EI=
golang.org/x/crypto v0.0.0-20190123085648-057139ce5d2b/go.mod h1:6SG95UA2DQfeDnfUPMdvaQW0Q7yPrPDi9nlGo2tz2b4=
golang.org/x/crypto v0.0.0-20190228161510-8dd112bcdc25/go.mod h1:djNgcEr1/C05ACkg1iLfiJU5Ep61QUkGW8qpdssI0+w=
golang.org/x/crypto v0.0.0-20190308221718-c2843e01d9a2 h1:VklqNMn3ovrHsnt90PveolxSbWFaJdECFbxSq0Mqo2M=
golang.org/x/crypto v0.0.0-20190308221718-c2843e01d9a2/go.mod h1:djNgcEr1/C05ACkg1iLfiJU5Ep61QUkGW8qpdssI0+w=
golang.org/x/net v0.0.0-20180906233101-161cd47e91fd/go.mod h1:mL1N/T3taQHkDXs73rZJwtUhF3w3ftmwwsq0BUmARs4=
golang.org/x/net v0.0.0-20190125091013-d26f9f9a57f3/go.mod h1:mL1N/T3taQHkDXs73rZJwtUhF3w3ftmwwsq0BUmARs4=
golang.org/x/net v0.0.0-20190328230028-74de082e2cca h1:hyA6yiAgbUwuWqtscNvWAI7U1CtlaD1KilQ6iudt1aI=
golang.org/x/net v0.0.0-20190328230028-74de082e2cca/go.mod h1:t9HGtf8HONx5eT2rtn7q6eTqICYqUVnKs3thJo3Qplg=
golang.org/x/sync v0.0.0-20180314180146-1d60e4601c6f/go.mod h1:RxMgew5VJxzue5/jJTE5uejpjVlOe/izrB70Jof72aM=
golang.org/x/sync v0.0.0-20181221193216-37e7f081c4d4 h1:YUO/7uOKsKeq9UokNS62b8FYywz3ker1l1vDZRCRefw=
golang.org/x/sync v0.0.0-20181221193216-37e7f081c4d4/go.mod h1:RxMgew5VJxzue5/jJTE5uejpjVlOe/izrB70Jof72aM=
golang.org/x/sys v0.0.0-20180909124046-d0be0721c37e/go.mod h1:STP8DvDyc/dI5b8T5hshtkjS+E42TnysNCUPdjciGhY=
golang.org/x/sys v0.0.0-20190124100055-b90733256f2e/go.mod h1:STP8DvDyc/dI5b8T5hshtkjS+E42TnysNCUPdjciGhY=
golang.org/x/sys v0.0.0-20190215142949-d0b11bdaac8a h1:1BGLXjeY4akVXGgbC9HugT3Jv3hCI0z56oJR5vAMgBU=
golang.org/x/sys v0.0.0-20190215142949-d0b11bdaac8a/go.mod h1:STP8DvDyc/dI5b8T5hshtkjS+E42TnysNCUPdjciGhY=
golang.org/x/sys v0.0.0-20190228124157-a34e9553db1e h1:ZytStCyV048ZqDsWHiYDdoI2Vd4msMcrDECFxS+tL9c=
golang.org/x/sys v0.0.0-20190228124157-a34e9553db1e/go.mod h1:STP8DvDyc/dI5b8T5hshtkjS+E42TnysNCUPdjciGhY=
golang.org/x/text v0.3.0 h1:g61tztE5qeGQ89tm6NTjjM9VPIm088od1l6aSorWRWg=
golang.org/x/text v0.3.0/go.mod h1:NqM8EUOU14njkJ3fqMW+pc6Ldnwhi/IjpwHt7yyuwOQ=
gopkg.in/check.v1 v0.0.0-20161208181325-20d25e280405 h1:yhCVgyC4o1eVCa2tZl7eS0r+SDo693bJlVdllGtEeKM=
gopkg.in/check.v1 v0.0.0-20161208181325-20d25e280405/go.mod h1:Co6ibVJAznAaIkqp8huTwlJQCZ016jof/cbN4VW5Yz0=
gopkg.in/fsnotify.v1 v1.4.7 h1:xOHLXZwVvI9hhs+cLKq5+I5onOuwQLhQwiu63xxlHs4=
gopkg.in/fsnotify.v1 v1.4.7/go.mod h1:Tz8NjZHkW78fSQdbUxIjBTcgA1z1m8ZHf0WmKUhAMys=
gopkg.in/mcuadros/go-syslog.v2 v2.2.1 h1:60g8zx1BijSVSgLTzLCW9UC4/+i1Ih9jJ1DR5Tgp9vE=
gopkg.in/mcuadros/go-syslog.v2 v2.2.1/go.mod h1:l5LPIyOOyIdQquNg+oU6Z3524YwrcqEm0aKH+5zpt2U=
gopkg.in/natefinch/lumberjack.v2 v2.0.0 h1:1Lc07Kr7qY4U2YPouBjpCLxpiyxIVoxqXgkXLknAOE8=
gopkg.in/natefinch/lumberjack.v2 v2.0.0/go.mod h1:l0ndWWf7gzL7RNwBG7wST/UCcT4T24xpD6X8LsfU/+k=
gopkg.in/square/go-jose.v2 v2.2.2 h1:orlkJ3myw8CN1nVQHBFfloD+L3egixIa4FvUP6RosSA=
gopkg.in/square/go-jose.v2 v2.2.2/go.mod h1:M9dMgbHiYLoDGQrXy7OpJDJWiKiU//h+vD76mk0e1AI=
gopkg.in/tomb.v1 v1.0.0-20141024135613-dd632973f1e7 h1:uRGJdciOHaEIrze2W8Q3AKkepLTh2hOroT7a+7czfdQ=
gopkg.in/tomb.v1 v1.0.0-20141024135613-dd632973f1e7/go.mod h1:dt/ZhP58zS4L8KSrWDmTeBkI65Dw0HsyUHuEVlX15mw=
gopkg.in/yaml.v2 v2.2.1/go.mod h1:hI93XBmqTisBFMUTm0b8Fm+jr3Dg1NNxqwp+5A1VGuI=
gopkg.in/yaml.v2 v2.2.2 h1:ZCJp+EgiOT7lHqUV2J862kp8Qj64Jo6az82+3Td9dZw=
gopkg.in/yaml.v2 v2.2.2/go.mod h1:hI93XBmqTisBFMUTm0b8Fm+jr3Dg1NNxqwp+5A1VGuI=
