cloud.google.com/go v0.27.0 h1:Xa8ZWro6QYKOwDKtxfKsiE0ea2jD39nx32RxtF5RjYE=
cloud.google.com/go v0.27.0/go.mod h1:aQUYkXzVsufM+DwF1aE+0xfcU+56JwCaLick0ClmMTw=
github.com/Azure/azure-sdk-for-go v20.1.0+incompatible h1:b8OWFQuH5MPi2LYyAR2Ga+7KVH9ipwiSSSMga04/Urc=
github.com/Azure/azure-sdk-for-go v20.1.0+incompatible/go.mod h1:9XXNKU+eRnpl9moKnB4QOLf1HestfXbmab5FXxiDBjc=
github.com/Azure/go-autorest v10.15.4+incompatible h1:q+DRrRdbCnkY7f2WxQBx58TwCGkEdMAK/hkZ10g0Pzk=
github.com/Azure/go-autorest v10.15.4+incompatible/go.mod h1:r+4oMnoxhatjLLJ6zxSWATqVooLgysK6ZNox3g/xq24=
github.com/JamesClonk/vultr v0.0.0-20180805100820-267be0d362b6 h1:Zr9tJpzr2Thvt2ioTvPQrccmFivMJUht9/LpwS2X+Bc=
github.com/JamesClonk/vultr v0.0.0-20180805100820-267be0d362b6/go.mod h1:k9Jhe7M4bxsOOTMtsXQ0Hj7R7vw0FW4Q4jVJrPis9a8=
github.com/akamai/AkamaiOPEN-edgegrid-golang v0.6.2 h1:mJmkJOVrYazepbLVbd/2op3pGtGx5Qm/w9lQXjEGpXc=
github.com/akamai/AkamaiOPEN-edgegrid-golang v0.6.2/go.mod h1:eXWHAoXwqXM7CFZpE8zdz9OVRk4G8BCR1mDwYvIyFsA=
github.com/aws/aws-sdk-go v1.15.35 h1:roOTR0eOeCgYwrz3NXmrneLFBYdnK8epLedaRMm1kQg=
github.com/aws/aws-sdk-go v1.15.35/go.mod h1:mFuSZ37Z9YOHbQEwBWztmVzqXrEkub65tZoCYDt7FT0=
github.com/bifurcation/mint v0.0.0-20180715133206-93c51c6ce115 h1:fUjoj2bT6dG8LoEe+uNsKk8J+sLkDbQkJnB6Z1F02Bc=
github.com/bifurcation/mint v0.0.0-20180715133206-93c51c6ce115/go.mod h1:zVt7zX3K/aDCk9Tj+VM7YymsX66ERvzCJzw8rFCX2JU=
github.com/caddyserver/builds v0.0.0-20170910200810-c62e2219460a h1:/QF4JSis49aT5EttkyiWjj8EQ/HvTLoVF0C90mD3oEY=
github.com/caddyserver/builds v0.0.0-20170910200810-c62e2219460a/go.mod h1:+ku9jD54BwZiFQSoYXMc18iQ5u3eED8Mvd174cZno3Q=
github.com/cheekybits/genny v1.0.0 h1:uGGa4nei+j20rOSeDeP5Of12XVm7TGUd4dJA9RDitfE=
github.com/cheekybits/genny v1.0.0/go.mod h1:+tQajlRqAUrPI7DOSpB0XAqZYtQakVtB7wXkRAgjxjQ=
github.com/davecgh/go-spew v1.1.1 h1:vj9j/u1bqnvCEfJOwUhtlOARqs3+rkHYY13jYWTU97c=
github.com/davecgh/go-spew v1.1.1/go.mod h1:J7Y8YcW2NihsgmVo/mv3lAwl/skON4iLHjSsI+c5H38=
github.com/decker502/dnspod-go v0.0.0-20180416134550-83a3ba562b04 h1:deUJYiwGrb7hk3lTnqDtsXxMBmaFmzR2F5EFZUV5PRw=
github.com/decker502/dnspod-go v0.0.0-20180416134550-83a3ba562b04/go.mod h1:1xTEhqHsJ0UdTJTGBagkADAOwd/7ulfYdlQwJcqdSHs=
github.com/dgrijalva/jwt-go v3.2.0+incompatible h1:7qlOGliEKZXTDg6OTjfoBKDXWrumCAMpl/TFQ4/5kLM=
github.com/dgrijalva/jwt-go v3.2.0+incompatible/go.mod h1:E3ru+11k8xSBh+hMPgOLZmtrrCbhqsmaPHjLKYnJCaQ=
github.com/dnsimple/dnsimple-go v0.20.0 h1:lOC6wVGUmpFG9ghXHp77K01IRf4oUf2mbbsdpEi5W00=
github.com/dnsimple/dnsimple-go v0.20.0/go.mod h1:0FYu4qVNv/UcfZPNwa9zi68IkggJu3TIwM54D7rhmI4=
github.com/dustin/go-humanize v0.0.0-20180713052910-9f541cc9db5d h1:lDrio3iIdNb0Gw9CgH7cQF+iuB5mOOjdJ9ERNJCBgb4=
github.com/dustin/go-humanize v0.0.0-20180713052910-9f541cc9db5d/go.mod h1:HtrtbFcZ19U5GC7JDqmcUSB87Iq5E25KnS6fMYU6eOk=
github.com/edeckers/auroradnsclient v1.0.3 h1:FZ0NFpIHmWhctDd3GzTKWmbJVErTwq/OqGuFFEuQms4=
github.com/edeckers/auroradnsclient v1.0.3/go.mod h1:DfnGuII5MpjHzl0Vg5+2kNBr+95TU2w4wYv3IznTYOg=
github.com/exoscale/egoscale v0.11.4 h1:BeLplhMzvNSMAJnob1InpnsEw+iUzQ0HkmcokuPAWiw=
github.com/exoscale/egoscale v0.11.4/go.mod h1:Ee3U4ZjSDpbbEc9VkQ/jttUU8USE8Nv7L3YzVi03Y1U=
github.com/flynn/go-shlex v0.0.0-20150515145356-3f9db97f8568 h1:BHsljHzVlRcyQhjrss6TZTdY2VfCqZPbv5k3iBFa2ZQ=
github.com/flynn/go-shlex v0.0.0-20150515145356-3f9db97f8568/go.mod h1:xEzjJPgXI435gkrCt3MPfRiAkVrwSbHsst4LCFVfpJc=
github.com/go-ini/ini v1.25.4 h1:Mujh4R/dH6YL8bxuISne3xX2+qcQ9p0IxKAP6ExWoUo=
github.com/go-ini/ini v1.25.4/go.mod h1:ByCAeIL28uOIIG0E3PJtZPDL8WnHpFKFOtgjp+3Ies8=
github.com/google/go-querystring v0.0.0-20170111101155-53e6ce116135 h1:zLTLjkaOFEFIOxY5BWLFLwh+cL8vOBW4XJ2aqLE/Tf0=
github.com/google/go-querystring v0.0.0-20170111101155-53e6ce116135/go.mod h1:odCYkC5MyYFN7vkCjXpyrEuKhc/BUO6wN/zVPAxq5ck=
github.com/google/uuid v1.0.0 h1:b4Gk+7WdP/d3HZH8EJsZpvV7EtDOgaZLtnaNGIu1adA=
github.com/google/uuid v1.0.0/go.mod h1:TIyPZe4MgqvfeYDBFedMoGGpEw/LqOeaOT+nhxU+yHo=
github.com/gorilla/websocket v1.4.0 h1:WDFjx/TMzVgy9VdMMQi2K2Emtwi2QcUQsztZ/zLaH/Q=
github.com/gorilla/websocket v1.4.0/go.mod h1:E7qHFY5m1UJ88s3WnNqhKjPHQ0heANvMoAMk2YaljkQ=
github.com/hashicorp/go-syslog v0.0.0-20170829120034-326bf4a7f709 h1:enUsQkqbxkzcaVS39jufLmoyfYiytv/F7squLdL9giU=
github.com/hashicorp/go-syslog v0.0.0-20170829120034-326bf4a7f709/go.mod h1:qPfqrKkXGihmCqbJM2mZgkZGvKG1dFdvsLplgctolz4=
github.com/hashicorp/golang-lru v0.5.0 h1:CL2msUPvZTLb5O648aiLNJw3hnBxN2+1Jq8rCOH9wdo=
github.com/hashicorp/golang-lru v0.5.0/go.mod h1:/m3WP610KZHVQ1SGc6re/UDhFvYD7pJ4Ao+sR/qLZy8=
github.com/jimstudt/http-authentication v0.0.0-20140401203705-3eca13d6893a h1:BcF8coBl0QFVhe8vAMMlD+CV8EISiu9MGKLoj6ZEyJA=
github.com/jimstudt/http-authentication v0.0.0-20140401203705-3eca13d6893a/go.mod h1:wK6yTYYcgjHE1Z1QtXACPDjcFJyBskHEdagmnq3vsP8=
github.com/jmespath/go-jmespath v0.0.0-20160202185014-0b12d6b521d8 h1:12VvqtR6Aowv3l/EQUlocDHW2Cp4G9WJVH7uyH8QFJE=
github.com/jmespath/go-jmespath v0.0.0-20160202185014-0b12d6b521d8/go.mod h1:Nht3zPeWKUH0NzdCt2Blrr5ys8VGpn0CEB0cQHVjt7k=
github.com/json-iterator/go v1.1.5 h1:gL2yXlmiIo4+t+y32d4WGwOjKGYcGOuyrg46vadswDE=
github.com/json-iterator/go v1.1.5/go.mod h1:+SdeFBvtyEkXs7REEP0seUULqWtbJapLOCVDaaPEHmU=
github.com/juju/ratelimit v1.0.1 h1:+7AIFJVQ0EQgq/K9+0Krm7m530Du7tIz0METWzN0RgY=
github.com/juju/ratelimit v1.0.1/go.mod h1:qapgC/Gy+xNh9UxzV13HGGl/6UXNN+ct+vwSgWNm/qk=
github.com/klauspost/cpuid v0.0.0-20180405133222-e7e905edc00e h1:+lIPJOWl+jSiJOc70QXJ07+2eg2Jy2EC7Mi11BWujeM=
github.com/klauspost/cpuid v0.0.0-20180405133222-e7e905edc00e/go.mod h1:Pj4uuM528wm8OyEC2QMXAi2YiTZ96dNQPGgoMS4s3ek=
github.com/lucas-clemente/aes12 v0.0.0-20171027163421-cd47fb39b79f h1:sSeNEkJrs+0F9TUau0CgWTTNEwF23HST3Eq0A+QIx+A=
github.com/lucas-clemente/aes12 v0.0.0-20171027163421-cd47fb39b79f/go.mod h1:JpH9J1c9oX6otFSgdUHwUBUizmKlrMjxWnIAjff4m04=
github.com/lucas-clemente/quic-go v0.10.0 h1:xEF+pSHYAOcu+U10Meunf+DTtc8vhQDRqlA0BJ6hufc=
github.com/lucas-clemente/quic-go v0.10.0/go.mod h1:wuD+2XqEx8G9jtwx5ou2BEYBsE+whgQmlj0Vz/77PrY=
github.com/lucas-clemente/quic-go-certificates v0.0.0-20160823095156-d2f86524cced h1:zqEC1GJZFbGZA0tRyNZqRjep92K5fujFtFsu5ZW7Aug=
github.com/lucas-clemente/quic-go-certificates v0.0.0-20160823095156-d2f86524cced/go.mod h1:NCcRLrOTZbzhZvixZLlERbJtDtYsmMw8Jc4vS8Z0g58=
github.com/miekg/dns v1.0.9 h1:Lklz3S7ABrMU81ZVBOcrBj8ZWJjLH8l+aR17ldFNgrY=
github.com/miekg/dns v1.0.9/go.mod h1:W1PPwlIAgtquWBMBEV9nkV9Cazfe8ScdGz/Lj7v3Nrg=
github.com/mitchellh/go-homedir v1.0.0 h1:vKb8ShqSby24Yrqr/yDYkuFz8d0WUjys40rvnGC8aR0=
github.com/mitchellh/go-homedir v1.0.0/go.mod h1:SfyaCUpYCn1Vlf4IUYiD9fPX4A5wJrkLzIz1N1q0pr0=
github.com/modern-go/concurrent v0.0.0-20180306012644-bacd9c7ef1dd h1:TRLaZ9cD/w8PVh93nsPXa1VrQ6jlwL5oN8l14QlcNfg=
github.com/modern-go/concurrent v0.0.0-20180306012644-bacd9c7ef1dd/go.mod h1:6dJC0mAP4ikYIbvyc7fijjWJddQyLn8Ig3JB5CqoB9Q=
github.com/modern-go/reflect2 v1.0.1 h1:9f412s+6RmYXLWZSEzVVgPGK7C2PphHj5RJrvfx9AWI=
github.com/modern-go/reflect2 v1.0.1/go.mod h1:bx2lNnkwVCuqBIxFjflWJWanXIb3RllmbCylyMrvgv0=
github.com/namedotcom/go v0.0.0-20180403034216-08470befbe04 h1:o6uBwrhM5C8Ll3MAAxrQxRHEu7FkapwTuI2WmL1rw4g=
github.com/namedotcom/go v0.0.0-20180403034216-08470befbe04/go.mod h1:5sN+Lt1CaY4wsPvgQH/jsuJi4XO2ssZbdsIizr4CVC8=
github.com/naoina/go-stringutil v0.1.0 h1:rCUeRUHjBjGTSHl0VC00jUPLz8/F9dDzYI70Hzifhks=
github.com/naoina/go-stringutil v0.1.0/go.mod h1:XJ2SJL9jCtBh+P9q5btrd/Ylo8XwT/h1USek5+NqSA0=
github.com/naoina/toml v0.1.1 h1:PT/lllxVVN0gzzSqSlHEmP8MJB4MY2U7STGxiouV4X8=
github.com/naoina/toml v0.1.1/go.mod h1:NBIhNtsFMo3G2szEBne+bO4gS192HuIYRqfvOWb4i1E=
github.com/ovh/go-ovh v0.0.0-20180717143715-c3e61035ea66 h1:GUT+euf/rrEXRuGIRmvv+W2kIU9Hn6Q2Rh9odgAGjXY=
github.com/ovh/go-ovh v0.0.0-20180717143715-c3e61035ea66/go.mod h1:joRatxRJaZBsY3JAOEMcoOp05CnZzsx4scTxi95DHyQ=
github.com/pkg/errors v0.8.0 h1:WdK/asTD0HN+q6hsWO3/vpuAkAr+tw6aNJNDFFf0+qw=
github.com/pkg/errors v0.8.0/go.mod h1:bwawxfHBFNV+L2hUp1rHADufV3IMtnDRdf1r5NINEl0=
github.com/pmezard/go-difflib v1.0.0 h1:4DBwDE0NGyQoBHbLQYPwSUPoCMWR5BEzIk/f1lZbAQM=
github.com/pmezard/go-difflib v1.0.0/go.mod h1:iKH77koFhYxTK1pcRnkKkqfTogsbg7gZNVY4sRDYZ/4=
github.com/rainycape/memcache v0.0.0-20150622160815-1031fa0ce2f2 h1:dq90+d51/hQRaHEqRAsQ1rE/pC1GUS4sc2rCbbFsAIY=
github.com/rainycape/memcache v0.0.0-20150622160815-1031fa0ce2f2/go.mod h1:7tZKcyumwBO6qip7RNQ5r77yrssm9bfCowcLEBcU5IA=
github.com/russross/blackfriday v0.0.0-20170610170232-067529f716f4 h1:S9YlS71UNJIyS61OqGAmLXv3w5zclSidN+qwr80XxKs=
github.com/russross/blackfriday v0.0.0-20170610170232-067529f716f4/go.mod h1:JO/DiYxRf+HjHt06OyowR9PTA263kcR/rfWxYHBV53g=
github.com/russross/blackfriday v2.0.0+incompatible h1:cBXrhZNUf9C+La9/YpS+UHpUT8YD6Td9ZMSU9APFcsk=
github.com/russross/blackfriday v2.0.0+incompatible/go.mod h1:JO/DiYxRf+HjHt06OyowR9PTA263kcR/rfWxYHBV53g=
github.com/satori/go.uuid v1.2.0 h1:0uYX9dsZ2yD7q2RtLRtPSdGDWzjeM3TbMJP9utgA0ww=
github.com/satori/go.uuid v1.2.0/go.mod h1:dA0hQrYB0VpLJoorglMZABFdXlWrHn1NEOzdhQKdks0=
github.com/shurcooL/sanitized_anchor_name v0.0.0-20170918181015-86672fcb3f95 h1:/vdW8Cb7EXrkqWGufVMES1OH2sU9gKVb2n9/1y5NMBY=
github.com/shurcooL/sanitized_anchor_name v0.0.0-20170918181015-86672fcb3f95/go.mod h1:1NzhyTcUVG4SuEtjjoZeVRXNmyL/1OwPU0+IJeTBvfc=
github.com/sirupsen/logrus v1.0.6 h1:hcP1GmhGigz/O7h1WVUM5KklBp1JoNS9FggWKdj/j3s=
github.com/sirupsen/logrus v1.0.6/go.mod h1:pMByvHTf9Beacp5x1UXfOR9xyW/9antXMhjMPG0dEzc=
github.com/stretchr/testify v1.2.2 h1:bSDNvY7ZPG5RlJ8otE/7V6gMiyenm9RtJ7IUVIAoJ1w=
github.com/stretchr/testify v1.2.2/go.mod h1:a8OnRcib4nhh0OaRAV+Yts87kKdq0PP7pXfy6kDkUVs=
github.com/timewasted/linode v0.0.0-20160829202747-37e84520dcf7 h1:CpHxIaZzVy26GqJn8ptRyto8fuoYOd1v0fXm9bG3wQ8=
github.com/timewasted/linode v0.0.0-20160829202747-37e84520dcf7/go.mod h1:imsgLplxEC/etjIhdr3dNzV3JeT27LbVu5pYWm0JCBY=
github.com/urfave/cli v1.20.0 h1:fDqGv3UG/4jbVl/QkFwEdddtEDjh/5Ov6X+0B/3bPaw=
github.com/urfave/cli v1.20.0/go.mod h1:70zkFmudgCuE/ngEzBv17Jvp/497gISqfk5gWijbERA=
github.com/xenolf/lego v0.4.2-0.20180530171757-9a1f8d748a6e h1:yGbs/aJ545f18upKL1Yz4QkmCEwc2AutKX1IB1kwhAI=
github.com/xenolf/lego v0.4.2-0.20180530171757-9a1f8d748a6e/go.mod h1:fwiGnfsIjG7OHPfOvgK7Y/Qo6+2Ox0iozjNTkZICKbY=
github.com/xenolf/lego v1.0.1 h1:Rr9iqO8MoNxY6OvqdIZTnNZ8bwt0RNz00nGXfoTq4Bc=
golang.org/x/crypto v0.0.0-20180910181607-0e37d006457b h1:2b9XGzhjiYsYPnKXoEfL7klWZQIt8IfyRCz62gCqqlQ=
golang.org/x/crypto v0.0.0-20180910181607-0e37d006457b/go.mod h1:6SG95UA2DQfeDnfUPMdvaQW0Q7yPrPDi9nlGo2tz2b4=
golang.org/x/net v0.0.0-20180911220305-26e67e76b6c3 h1:czFLhve3vsQetD6JOJ8NZZvGQIXlnN3/yXxbT6/awxI=
golang.org/x/net v0.0.0-20180911220305-26e67e76b6c3/go.mod h1:mL1N/T3taQHkDXs73rZJwtUhF3w3ftmwwsq0BUmARs4=
golang.org/x/oauth2 v0.0.0-20180821212333-d2e6202438be h1:vEDujvNQGv4jgYKudGeI/+DAX4Jffq6hpD55MmoEvKs=
golang.org/x/oauth2 v0.0.0-20180821212333-d2e6202438be/go.mod h1:N/0e6XlmueqKjAGxoOufVs8QHGRruUQn6yWY3a++T0U=
golang.org/x/sys v0.0.0-20180909124046-d0be0721c37e h1:o3PsSEY8E4eXWkXrIP9YJALUkVZqzHJT5DOasTyn8Vs=
golang.org/x/sys v0.0.0-20180909124046-d0be0721c37e/go.mod h1:STP8DvDyc/dI5b8T5hshtkjS+E42TnysNCUPdjciGhY=
golang.org/x/text v0.3.0 h1:g61tztE5qeGQ89tm6NTjjM9VPIm088od1l6aSorWRWg=
golang.org/x/text v0.3.0/go.mod h1:NqM8EUOU14njkJ3fqMW+pc6Ldnwhi/IjpwHt7yyuwOQ=
google.golang.org/api v0.0.0-20180916000451-19ff8768a5c0 h1:AJOCn+ScmtWxp6yySbxsiNXi+RrZaHqWgYbZUzl6oLc=
google.golang.org/api v0.0.0-20180916000451-19ff8768a5c0/go.mod h1:4mhQ8q/RsB7i+udVvVy5NUi08OU8ZlA0gRVgrF7VFY0=
gopkg.in/check.v1 v0.0.0-20161208181325-20d25e280405/go.mod h1:Co6ibVJAznAaIkqp8huTwlJQCZ016jof/cbN4VW5Yz0=
gopkg.in/ini.v1 v1.38.2 h1:dGcbywv4RufeGeiMycPT/plKB5FtmLKLnWKwBiLhUA4=
gopkg.in/ini.v1 v1.38.2/go.mod h1:pNLf8WUiyNEtQjuu5G5vTm06TEv9tsIgeAvK8hOrP4k=
gopkg.in/mcuadros/go-syslog.v2 v2.2.1 h1:60g8zx1BijSVSgLTzLCW9UC4/+i1Ih9jJ1DR5Tgp9vE=
gopkg.in/mcuadros/go-syslog.v2 v2.2.1/go.mod h1:l5LPIyOOyIdQquNg+oU6Z3524YwrcqEm0aKH+5zpt2U=
gopkg.in/natefinch/lumberjack.v2 v2.0.0-20170531180850-df99d62fd42d h1:OcCVYXNtNR0atgUveHvW25qtiCQv+2OqEUQ0SABShpE=
gopkg.in/natefinch/lumberjack.v2 v2.0.0-20170531180850-df99d62fd42d/go.mod h1:l0ndWWf7gzL7RNwBG7wST/UCcT4T24xpD6X8LsfU/+k=
gopkg.in/natefinch/lumberjack.v2 v2.0.0 h1:1Lc07Kr7qY4U2YPouBjpCLxpiyxIVoxqXgkXLknAOE8=
gopkg.in/natefinch/lumberjack.v2 v2.0.0/go.mod h1:l0ndWWf7gzL7RNwBG7wST/UCcT4T24xpD6X8LsfU/+k=
gopkg.in/ns1/ns1-go.v2 v2.0.0-20180828122412-028658c6d9be h1:g8KJ93aIIzIu2yQV0iwydfkJezDWIpkVmAJocv7xJWI=
gopkg.in/ns1/ns1-go.v2 v2.0.0-20180828122412-028658c6d9be/go.mod h1:VV+3haRsgDiVLxyifmMBrBIuCWFBPYKbRssXB9z67Hw=
gopkg.in/square/go-jose.v2 v2.1.8 h1:yECBkTX7ypNaRFILw4trAAYXRLvcGxTeHCBKj/fc8gU=
gopkg.in/square/go-jose.v2 v2.1.8/go.mod h1:M9dMgbHiYLoDGQrXy7OpJDJWiKiU//h+vD76mk0e1AI=
gopkg.in/yaml.v2 v2.2.1 h1:mUhvW9EsL+naU5Q3cakzfE91YhliOondGd6ZrsDBHQE=
gopkg.in/yaml.v2 v2.2.1/go.mod h1:hI93XBmqTisBFMUTm0b8Fm+jr3Dg1NNxqwp+5A1VGuI=
